
Microsoft Visual Studio Solution File, Format Version 12.00
# Visual Studio Version 16
VisualStudioVersion = 16.0.31624.102
MinimumVisualStudioVersion = 10.0.40219.1
Project("{FAE04EC0-301F-11D3-BF4B-00C04F79EFBC}") = "FileTypeConverter", "FileTypeConverter\FileTypeConverter.csproj", "{BCA6E2D5-6913-4C2A-93BD-017E87C0FE67}"
EndProject
Global
	GlobalSection(SolutionConfigurationPlatforms) = preSolution
		Debug|Any CPU = Debug|Any CPU
		Release|Any CPU = Release|Any CPU
	EndGlobalSection
	GlobalSection(ProjectConfigurationPlatforms) = postSolution
		{BCA6E2D5-6913-4C2A-93BD-017E87C0FE67}.Debug|Any CPU.ActiveCfg = Debug|Any CPU
		{BCA6E2D5-6913-4C2A-93BD-017E87C0FE67}.Debug|Any CPU.Build.0 = Debug|Any CPU
		{BCA6E2D5-6913-4C2A-93BD-017E87C0FE67}.Release|Any CPU.ActiveCfg = Release|Any CPU
		{BCA6E2D5-6913-4C2A-93BD-017E87C0FE67}.Release|Any CPU.Build.0 = Release|Any CPU
	EndGlobalSection
	GlobalSection(SolutionProperties) = preSolution
		HideSolutionNode = FALSE
	EndGlobalSection
	GlobalSection(ExtensibilityGlobals) = postSolution
		SolutionGuid = {5C97977C-63C9-47E0-BFE1-597CD0297BA9}
	EndGlobalSection
EndGlobal
